{
  "name": "@evertdespiegeleer/go-template",
  "version": "1.0.2",
  "lockfileVersion": 3,
  "requires": true,
  "packages": {
    "": {
      "name": "@evertdespiegeleer/go-template",
      "version": "1.0.2",
      "license": "ISC",
      "devDependencies": {
        "@types/golang-wasm-exec": "^1.15.2",
        "@types/node": "^24.0.0",
        "@types/webassembly-js-api": "^0.0.3",
        "typescript": "^5.8.3"
      }
    },
    "node_modules/@types/golang-wasm-exec": {
      "version": "1.15.2",
      "resolved": "https://registry.npmjs.org/@types/golang-wasm-exec/-/golang-wasm-exec-1.15.2.tgz",
      "integrity": "sha512-NA77toY4yOiiV5foDVT/rfxmtoox7ASHqGs4Eek8xTMcKWwAhZLOD3SYfLQKq4P2jtOLQQkeISq3zSuQ1Y+apg==",
      "dev": true,
      "license": "MIT"
    },
    "node_modules/@types/node": {
      "version": "24.10.8",
      "resolved": "https://registry.npmjs.org/@types/node/-/node-24.10.8.tgz",
      "integrity": "sha512-r0bBaXu5Swb05doFYO2kTWHMovJnNVbCsII0fhesM8bNRlLhXIuckley4a2DaD+vOdmm5G+zGkQZAPZsF80+YQ==",
      "dev": true,
      "license": "MIT",
      "dependencies": {
        "undici-types": "~7.16.0"
      }
    },
    "node_modules/@types/webassembly-js-api": {
      "version": "0.0.3",
      "resolved": "https://registry.npmjs.org/@types/webassembly-js-api/-/webassembly-js-api-0.0.3.tgz",
      "integrity": "sha512-9c8QN9vJKF8PYeMeh459PbCfNJVF7rJN9F7AAv7zrLvkmFC8/9OhUTEDZnFl8JzyHDArqbEWaNh72EpmzBKo9Q==",
      "dev": true,
      "license": "MIT"
    },
    "node_modules/typescript": {
      "version": "5.9.3",
      "resolved": "https://registry.npmjs.org/typescript/-/typescript-5.9.3.tgz",
      "integrity": "sha512-jl1vZzPDinLr9eUt3J/t7V6FgNEw9QjvBPdysz9KfQDD41fQrC2Y4vKQdiaUpFT4bXlb1RHhLpp8wtm6M5TgSw==",
      "dev": true,
      "license": "Apache-2.0",
      "bin": {
        "tsc": "bin/tsc",
        "tsserver": "bin/tsserver"
      },
      "engines": {
        "node": ">=14.17"
      }
    },
    "node_modules/undici-types": {
      "version": "7.16.0",
      "resolved": "https://registry.npmjs.org/undici-types/-/undici-types-7.16.0.tgz",
      "integrity": "sha512-Zz+aZWSj8LE6zoxD+xrjh4VfkIG8Ya6LvYkZqtUQGJPZjYl53ypCaUwWqo7eI0x66KBGeRo+mlBEkMSeSZ38Nw==",
      "dev": true,
      "license": "MIT"
    }
  }
}
